
Microsoft Visual Studio Solution File, Format Version 12.00
# Visual Studio Version 16
VisualStudioVersion = 16.0.29709.97
MinimumVisualStudioVersion = 10.0.40219.1
Project("{9A19103F-16F7-4668-BE54-9A1E7A4F7556}") = "Crawler3WebsocketClient", "Crawler3WebsocketClient\Crawler3WebsocketClient.csproj", "{1CE97E98-9EF9-4B9D-8A99-BD3B37204C45}"
EndProject
Project("{9A19103F-16F7-4668-BE54-9A1E7A4F7556}") = "Crawler3WebsocketClient.Tests", "Crawler3WebsocketClient.Tests\Crawler3WebsocketClient.Tests.csproj", "{28F59936-37E9-41F8-B354-6271967E1588}"
EndProject
Global
	GlobalSection(SolutionConfigurationPlatforms) = preSolution
		Debug|Any CPU = Debug|Any CPU
		Release|Any CPU = Release|Any CPU
	EndGlobalSection
	GlobalSection(ProjectConfigurationPlatforms) = postSolution
		{1CE97E98-9EF9-4B9D-8A99-BD3B37204C45}.Debug|Any CPU.ActiveCfg = Debug|Any CPU
		{1CE97E98-9EF9-4B9D-8A99-BD3B37204C45}.Debug|Any CPU.Build.0 = Debug|Any CPU
		{1CE97E98-9EF9-4B9D-8A99-BD3B37204C45}.Release|Any CPU.ActiveCfg = Release|Any CPU
		{1CE97E98-9EF9-4B9D-8A99-BD3B37204C45}.Release|Any CPU.Build.0 = Release|Any CPU
		{28F59936-37E9-41F8-B354-6271967E1588}.Debug|Any CPU.ActiveCfg = Debug|Any CPU
		{28F59936-37E9-41F8-B354-6271967E1588}.Debug|Any CPU.Build.0 = Debug|Any CPU
		{28F59936-37E9-41F8-B354-6271967E1588}.Release|Any CPU.ActiveCfg = Release|Any CPU
		{28F59936-37E9-41F8-B354-6271967E1588}.Release|Any CPU.Build.0 = Release|Any CPU
	EndGlobalSection
	GlobalSection(SolutionProperties) = preSolution
		HideSolutionNode = FALSE
	EndGlobalSection
	GlobalSection(ExtensibilityGlobals) = postSolution
		SolutionGuid = {84C0378B-D83F-4104-B32A-1840436BC825}
	EndGlobalSection
EndGlobal
